
Microsoft Visual Studio Solution File, Format Version 12.00
# Visual Studio 2012
Project("{FAE04EC0-301F-11D3-BF4B-00C04F79EFBC}") = "example3", "example3\example3.csproj", "{E1B0F8FA-050E-44C3-A06B-94D3A9DD1A45}"
EndProject
Global
	GlobalSection(SolutionConfigurationPlatforms) = preSolution
		Debug|Any CPU = Debug|Any CPU
		Release|Any CPU = Release|Any CPU
	EndGlobalSection
	GlobalSection(ProjectConfigurationPlatforms) = postSolution
		{E1B0F8FA-050E-44C3-A06B-94D3A9DD1A45}.Debug|Any CPU.ActiveCfg = Debug|Any CPU
		{E1B0F8FA-050E-44C3-A06B-94D3A9DD1A45}.Debug|Any CPU.Build.0 = Debug|Any CPU
		{E1B0F8FA-050E-44C3-A06B-94D3A9DD1A45}.Release|Any CPU.ActiveCfg = Release|Any CPU
		{E1B0F8FA-050E-44C3-A06B-94D3A9DD1A45}.Release|Any CPU.Build.0 = Release|Any CPU
	EndGlobalSection
	GlobalSection(SolutionProperties) = preSolution
		HideSolutionNode = FALSE
	EndGlobalSection
EndGlobal
