
Microsoft Visual Studio Solution File, Format Version 12.00
# Visual Studio 2013
VisualStudioVersion = 12.0.21005.1
MinimumVisualStudioVersion = 10.0.40219.1
Project("{FAE04EC0-301F-11D3-BF4B-00C04F79EFBC}") = "BookNetModels", "BookNetModels\BookNetModels.csproj", "{BD72BD4F-349C-4B70-9C5F-EEA386B68F4C}"
EndProject
Project("{FAE04EC0-301F-11D3-BF4B-00C04F79EFBC}") = "BookNetBLL", "BookNetBLL\BookNetBLL.csproj", "{21A97C9D-C8D2-4DEB-ADFF-9F2BB3F8CA0E}"
EndProject
Project("{FAE04EC0-301F-11D3-BF4B-00C04F79EFBC}") = "BookNetDAL", "BookNetDAL\BookNetDAL.csproj", "{6C0084DF-1B4A-46BB-ABAD-367B5072A64B}"
EndProject
Project("{FAE04EC0-301F-11D3-BF4B-00C04F79EFBC}") = "BookNet", "BookNet\BookNet.csproj", "{C770D89A-DE85-42F9-BE11-61A7677F07F8}"
EndProject
Global
	GlobalSection(SolutionConfigurationPlatforms) = preSolution
		Debug|Any CPU = Debug|Any CPU
		Release|Any CPU = Release|Any CPU
	EndGlobalSection
	GlobalSection(ProjectConfigurationPlatforms) = postSolution
		{BD72BD4F-349C-4B70-9C5F-EEA386B68F4C}.Debug|Any CPU.ActiveCfg = Debug|Any CPU
		{BD72BD4F-349C-4B70-9C5F-EEA386B68F4C}.Debug|Any CPU.Build.0 = Debug|Any CPU
		{BD72BD4F-349C-4B70-9C5F-EEA386B68F4C}.Release|Any CPU.ActiveCfg = Release|Any CPU
		{BD72BD4F-349C-4B70-9C5F-EEA386B68F4C}.Release|Any CPU.Build.0 = Release|Any CPU
		{21A97C9D-C8D2-4DEB-ADFF-9F2BB3F8CA0E}.Debug|Any CPU.ActiveCfg = Debug|Any CPU
		{21A97C9D-C8D2-4DEB-ADFF-9F2BB3F8CA0E}.Debug|Any CPU.Build.0 = Debug|Any CPU
		{21A97C9D-C8D2-4DEB-ADFF-9F2BB3F8CA0E}.Release|Any CPU.ActiveCfg = Release|Any CPU
		{21A97C9D-C8D2-4DEB-ADFF-9F2BB3F8CA0E}.Release|Any CPU.Build.0 = Release|Any CPU
		{6C0084DF-1B4A-46BB-ABAD-367B5072A64B}.Debug|Any CPU.ActiveCfg = Debug|Any CPU
		{6C0084DF-1B4A-46BB-ABAD-367B5072A64B}.Debug|Any CPU.Build.0 = Debug|Any CPU
		{6C0084DF-1B4A-46BB-ABAD-367B5072A64B}.Release|Any CPU.ActiveCfg = Release|Any CPU
		{6C0084DF-1B4A-46BB-ABAD-367B5072A64B}.Release|Any CPU.Build.0 = Release|Any CPU
		{C770D89A-DE85-42F9-BE11-61A7677F07F8}.Debug|Any CPU.ActiveCfg = Debug|Any CPU
		{C770D89A-DE85-42F9-BE11-61A7677F07F8}.Debug|Any CPU.Build.0 = Debug|Any CPU
		{C770D89A-DE85-42F9-BE11-61A7677F07F8}.Release|Any CPU.ActiveCfg = Release|Any CPU
		{C770D89A-DE85-42F9-BE11-61A7677F07F8}.Release|Any CPU.Build.0 = Release|Any CPU
	EndGlobalSection
	GlobalSection(SolutionProperties) = preSolution
		HideSolutionNode = FALSE
	EndGlobalSection
EndGlobal
