
Microsoft Visual Studio Solution File, Format Version 12.00
# Visual Studio 2013
VisualStudioVersion = 12.0.21005.1
MinimumVisualStudioVersion = 10.0.40219.1
Project("{FAE04EC0-301F-11D3-BF4B-00C04F79EFBC}") = "HelloASPNET", "HelloASPNET\HelloASPNET.csproj", "{52A64FD8-5AA6-4AB4-910C-A8EA6F784E37}"
EndProject
Project("{FAE04EC0-301F-11D3-BF4B-00C04F79EFBC}") = "InlineAndBehind", "InlineAndBehind\InlineAndBehind.csproj", "{8C347DDA-F987-430B-A4CA-3AF92C4B1681}"
EndProject
Project("{FAE04EC0-301F-11D3-BF4B-00C04F79EFBC}") = "PageLifeCycle", "PageLifeCycle\PageLifeCycle.csproj", "{FB74B5D7-7FC2-4342-AAE3-04F211E64BF2}"
EndProject
Project("{FAE04EC0-301F-11D3-BF4B-00C04F79EFBC}") = "TransferDataInPage", "TransferDataInPage\TransferDataInPage.csproj", "{15C5B519-8C45-4F86-BC84-DEF1FCA9677C}"
EndProject
Project("{FAE04EC0-301F-11D3-BF4B-00C04F79EFBC}") = "WebConfig", "WebConfig\WebConfig.csproj", "{FECE3DFB-2404-4033-8096-43B97F591657}"
EndProject
Project("{FAE04EC0-301F-11D3-BF4B-00C04F79EFBC}") = "KeepState", "KeepState\KeepState.csproj", "{2149D01E-1906-469C-9ABE-DCD76EBEAA6D}"
EndProject
Project("{FAE04EC0-301F-11D3-BF4B-00C04F79EFBC}") = "01 WebValidate", "01 WebValidate\01 WebValidate.csproj", "{F633FB0A-FE39-4B3E-85F8-018FAF7278CF}"
EndProject
Project("{FAE04EC0-301F-11D3-BF4B-00C04F79EFBC}") = "02 RegisterScriptStatic", "02 RegisterScriptStatic\02 RegisterScriptStatic.csproj", "{000C30B2-867F-417A-98E0-41DF2EE0F918}"
EndProject
Project("{FAE04EC0-301F-11D3-BF4B-00C04F79EFBC}") = "03 RegisterScriptDylamic", "03 RegisterScriptDylamic\03 RegisterScriptDylamic.csproj", "{ED2AF4EE-00DE-4241-89F6-7E4975FC2D69}"
EndProject
Project("{FAE04EC0-301F-11D3-BF4B-00C04F79EFBC}") = "01 MasterTest", "01 MasterTest\01 MasterTest.csproj", "{FB03FAF2-FF14-4F1F-8E4E-AB32299570A5}"
EndProject
Project("{FAE04EC0-301F-11D3-BF4B-00C04F79EFBC}") = "02 GetMasterValue", "02 GetMasterValue\02 GetMasterValue.csproj", "{463110B4-AFFA-4E2D-A610-3688B01AEC56}"
EndProject
Project("{FAE04EC0-301F-11D3-BF4B-00C04F79EFBC}") = "03 SiteMapPath", "03 SiteMapPath\03 SiteMapPath.csproj", "{491EEB45-9D92-49F6-AC23-AE65AF295158}"
EndProject
Project("{FAE04EC0-301F-11D3-BF4B-00C04F79EFBC}") = "04 TreeViewBySiteMap", "04 TreeViewBySiteMap\04 TreeViewBySiteMap.csproj", "{EF7E9B93-53B0-4C82-AE38-9E34005E92DC}"
EndProject
Project("{FAE04EC0-301F-11D3-BF4B-00C04F79EFBC}") = "05 TreeViewByXML", "05 TreeViewByXML\05 TreeViewByXML.csproj", "{1AA6DDAD-4FA5-498D-97E6-3AF733747B08}"
EndProject
Project("{FAE04EC0-301F-11D3-BF4B-00C04F79EFBC}") = "06 TreeViewByRecursion", "06 TreeViewByRecursion\06 TreeViewByRecursion.csproj", "{0AADCD6D-2388-4520-BC20-5819B85A18F9}"
EndProject
Global
	GlobalSection(SolutionConfigurationPlatforms) = preSolution
		Debug|Any CPU = Debug|Any CPU
		Release|Any CPU = Release|Any CPU
	EndGlobalSection
	GlobalSection(ProjectConfigurationPlatforms) = postSolution
		{52A64FD8-5AA6-4AB4-910C-A8EA6F784E37}.Debug|Any CPU.ActiveCfg = Debug|Any CPU
		{52A64FD8-5AA6-4AB4-910C-A8EA6F784E37}.Debug|Any CPU.Build.0 = Debug|Any CPU
		{52A64FD8-5AA6-4AB4-910C-A8EA6F784E37}.Release|Any CPU.ActiveCfg = Release|Any CPU
		{52A64FD8-5AA6-4AB4-910C-A8EA6F784E37}.Release|Any CPU.Build.0 = Release|Any CPU
		{8C347DDA-F987-430B-A4CA-3AF92C4B1681}.Debug|Any CPU.ActiveCfg = Debug|Any CPU
		{8C347DDA-F987-430B-A4CA-3AF92C4B1681}.Debug|Any CPU.Build.0 = Debug|Any CPU
		{8C347DDA-F987-430B-A4CA-3AF92C4B1681}.Release|Any CPU.ActiveCfg = Release|Any CPU
		{8C347DDA-F987-430B-A4CA-3AF92C4B1681}.Release|Any CPU.Build.0 = Release|Any CPU
		{FB74B5D7-7FC2-4342-AAE3-04F211E64BF2}.Debug|Any CPU.ActiveCfg = Debug|Any CPU
		{FB74B5D7-7FC2-4342-AAE3-04F211E64BF2}.Debug|Any CPU.Build.0 = Debug|Any CPU
		{FB74B5D7-7FC2-4342-AAE3-04F211E64BF2}.Release|Any CPU.ActiveCfg = Release|Any CPU
		{FB74B5D7-7FC2-4342-AAE3-04F211E64BF2}.Release|Any CPU.Build.0 = Release|Any CPU
		{15C5B519-8C45-4F86-BC84-DEF1FCA9677C}.Debug|Any CPU.ActiveCfg = Debug|Any CPU
		{15C5B519-8C45-4F86-BC84-DEF1FCA9677C}.Debug|Any CPU.Build.0 = Debug|Any CPU
		{15C5B519-8C45-4F86-BC84-DEF1FCA9677C}.Release|Any CPU.ActiveCfg = Release|Any CPU
		{15C5B519-8C45-4F86-BC84-DEF1FCA9677C}.Release|Any CPU.Build.0 = Release|Any CPU
		{FECE3DFB-2404-4033-8096-43B97F591657}.Debug|Any CPU.ActiveCfg = Debug|Any CPU
		{FECE3DFB-2404-4033-8096-43B97F591657}.Debug|Any CPU.Build.0 = Debug|Any CPU
		{FECE3DFB-2404-4033-8096-43B97F591657}.Release|Any CPU.ActiveCfg = Release|Any CPU
		{FECE3DFB-2404-4033-8096-43B97F591657}.Release|Any CPU.Build.0 = Release|Any CPU
		{2149D01E-1906-469C-9ABE-DCD76EBEAA6D}.Debug|Any CPU.ActiveCfg = Debug|Any CPU
		{2149D01E-1906-469C-9ABE-DCD76EBEAA6D}.Debug|Any CPU.Build.0 = Debug|Any CPU
		{2149D01E-1906-469C-9ABE-DCD76EBEAA6D}.Release|Any CPU.ActiveCfg = Release|Any CPU
		{2149D01E-1906-469C-9ABE-DCD76EBEAA6D}.Release|Any CPU.Build.0 = Release|Any CPU
		{F633FB0A-FE39-4B3E-85F8-018FAF7278CF}.Debug|Any CPU.ActiveCfg = Debug|Any CPU
		{F633FB0A-FE39-4B3E-85F8-018FAF7278CF}.Debug|Any CPU.Build.0 = Debug|Any CPU
		{F633FB0A-FE39-4B3E-85F8-018FAF7278CF}.Release|Any CPU.ActiveCfg = Release|Any CPU
		{F633FB0A-FE39-4B3E-85F8-018FAF7278CF}.Release|Any CPU.Build.0 = Release|Any CPU
		{000C30B2-867F-417A-98E0-41DF2EE0F918}.Debug|Any CPU.ActiveCfg = Debug|Any CPU
		{000C30B2-867F-417A-98E0-41DF2EE0F918}.Debug|Any CPU.Build.0 = Debug|Any CPU
		{000C30B2-867F-417A-98E0-41DF2EE0F918}.Release|Any CPU.ActiveCfg = Release|Any CPU
		{000C30B2-867F-417A-98E0-41DF2EE0F918}.Release|Any CPU.Build.0 = Release|Any CPU
		{ED2AF4EE-00DE-4241-89F6-7E4975FC2D69}.Debug|Any CPU.ActiveCfg = Debug|Any CPU
		{ED2AF4EE-00DE-4241-89F6-7E4975FC2D69}.Debug|Any CPU.Build.0 = Debug|Any CPU
		{ED2AF4EE-00DE-4241-89F6-7E4975FC2D69}.Release|Any CPU.ActiveCfg = Release|Any CPU
		{ED2AF4EE-00DE-4241-89F6-7E4975FC2D69}.Release|Any CPU.Build.0 = Release|Any CPU
		{FB03FAF2-FF14-4F1F-8E4E-AB32299570A5}.Debug|Any CPU.ActiveCfg = Debug|Any CPU
		{FB03FAF2-FF14-4F1F-8E4E-AB32299570A5}.Debug|Any CPU.Build.0 = Debug|Any CPU
		{FB03FAF2-FF14-4F1F-8E4E-AB32299570A5}.Release|Any CPU.ActiveCfg = Release|Any CPU
		{FB03FAF2-FF14-4F1F-8E4E-AB32299570A5}.Release|Any CPU.Build.0 = Release|Any CPU
		{463110B4-AFFA-4E2D-A610-3688B01AEC56}.Debug|Any CPU.ActiveCfg = Debug|Any CPU
		{463110B4-AFFA-4E2D-A610-3688B01AEC56}.Debug|Any CPU.Build.0 = Debug|Any CPU
		{463110B4-AFFA-4E2D-A610-3688B01AEC56}.Release|Any CPU.ActiveCfg = Release|Any CPU
		{463110B4-AFFA-4E2D-A610-3688B01AEC56}.Release|Any CPU.Build.0 = Release|Any CPU
		{491EEB45-9D92-49F6-AC23-AE65AF295158}.Debug|Any CPU.ActiveCfg = Debug|Any CPU
		{491EEB45-9D92-49F6-AC23-AE65AF295158}.Debug|Any CPU.Build.0 = Debug|Any CPU
		{491EEB45-9D92-49F6-AC23-AE65AF295158}.Release|Any CPU.ActiveCfg = Release|Any CPU
		{491EEB45-9D92-49F6-AC23-AE65AF295158}.Release|Any CPU.Build.0 = Release|Any CPU
		{EF7E9B93-53B0-4C82-AE38-9E34005E92DC}.Debug|Any CPU.ActiveCfg = Debug|Any CPU
		{EF7E9B93-53B0-4C82-AE38-9E34005E92DC}.Debug|Any CPU.Build.0 = Debug|Any CPU
		{EF7E9B93-53B0-4C82-AE38-9E34005E92DC}.Release|Any CPU.ActiveCfg = Release|Any CPU
		{EF7E9B93-53B0-4C82-AE38-9E34005E92DC}.Release|Any CPU.Build.0 = Release|Any CPU
		{1AA6DDAD-4FA5-498D-97E6-3AF733747B08}.Debug|Any CPU.ActiveCfg = Debug|Any CPU
		{1AA6DDAD-4FA5-498D-97E6-3AF733747B08}.Debug|Any CPU.Build.0 = Debug|Any CPU
		{1AA6DDAD-4FA5-498D-97E6-3AF733747B08}.Release|Any CPU.ActiveCfg = Release|Any CPU
		{1AA6DDAD-4FA5-498D-97E6-3AF733747B08}.Release|Any CPU.Build.0 = Release|Any CPU
		{0AADCD6D-2388-4520-BC20-5819B85A18F9}.Debug|Any CPU.ActiveCfg = Debug|Any CPU
		{0AADCD6D-2388-4520-BC20-5819B85A18F9}.Debug|Any CPU.Build.0 = Debug|Any CPU
		{0AADCD6D-2388-4520-BC20-5819B85A18F9}.Release|Any CPU.ActiveCfg = Release|Any CPU
		{0AADCD6D-2388-4520-BC20-5819B85A18F9}.Release|Any CPU.Build.0 = Release|Any CPU
	EndGlobalSection
	GlobalSection(SolutionProperties) = preSolution
		HideSolutionNode = FALSE
	EndGlobalSection
EndGlobal
