
Microsoft Visual Studio Solution File, Format Version 12.00
# Visual Studio 2013
VisualStudioVersion = 12.0.21005.1
MinimumVisualStudioVersion = 10.0.40219.1
Project("{FAE04EC0-301F-11D3-BF4B-00C04F79EFBC}") = "01 MasterTest", "01 MasterTest\01 MasterTest.csproj", "{5C5FD8A8-3764-4B42-A68A-AED6F1BF2EBA}"
EndProject
Project("{FAE04EC0-301F-11D3-BF4B-00C04F79EFBC}") = "02 GetMasterValue", "02 GetMasterValue\02 GetMasterValue.csproj", "{C1ACA8E1-E7FA-432C-A0DD-62D706BC2D42}"
EndProject
Project("{FAE04EC0-301F-11D3-BF4B-00C04F79EFBC}") = "03 SiteMapPath", "03 SiteMapPath\03 SiteMapPath.csproj", "{BFE66A34-718C-444A-B450-B983324A9CC7}"
EndProject
Project("{FAE04EC0-301F-11D3-BF4B-00C04F79EFBC}") = "04 TreeViewBySiteMap", "04 TreeViewBySiteMap\04 TreeViewBySiteMap.csproj", "{1FF5003A-46DA-4C06-8C7E-43FA1BB7DDD1}"
EndProject
Project("{FAE04EC0-301F-11D3-BF4B-00C04F79EFBC}") = "05 TreeViewByXML", "05 TreeViewByXML\05 TreeViewByXML.csproj", "{7847AD4B-BE12-4621-9E0E-2584183514B8}"
EndProject
Project("{FAE04EC0-301F-11D3-BF4B-00C04F79EFBC}") = "06 TreeViewByRecursion", "06 TreeViewByRecursion\06 TreeViewByRecursion.csproj", "{E4022295-4F43-49BD-8F05-0BA5FE0B5E53}"
EndProject
Global
	GlobalSection(SolutionConfigurationPlatforms) = preSolution
		Debug|Any CPU = Debug|Any CPU
		Release|Any CPU = Release|Any CPU
	EndGlobalSection
	GlobalSection(ProjectConfigurationPlatforms) = postSolution
		{5C5FD8A8-3764-4B42-A68A-AED6F1BF2EBA}.Debug|Any CPU.ActiveCfg = Debug|Any CPU
		{5C5FD8A8-3764-4B42-A68A-AED6F1BF2EBA}.Debug|Any CPU.Build.0 = Debug|Any CPU
		{5C5FD8A8-3764-4B42-A68A-AED6F1BF2EBA}.Release|Any CPU.ActiveCfg = Release|Any CPU
		{5C5FD8A8-3764-4B42-A68A-AED6F1BF2EBA}.Release|Any CPU.Build.0 = Release|Any CPU
		{C1ACA8E1-E7FA-432C-A0DD-62D706BC2D42}.Debug|Any CPU.ActiveCfg = Debug|Any CPU
		{C1ACA8E1-E7FA-432C-A0DD-62D706BC2D42}.Debug|Any CPU.Build.0 = Debug|Any CPU
		{C1ACA8E1-E7FA-432C-A0DD-62D706BC2D42}.Release|Any CPU.ActiveCfg = Release|Any CPU
		{C1ACA8E1-E7FA-432C-A0DD-62D706BC2D42}.Release|Any CPU.Build.0 = Release|Any CPU
		{BFE66A34-718C-444A-B450-B983324A9CC7}.Debug|Any CPU.ActiveCfg = Debug|Any CPU
		{BFE66A34-718C-444A-B450-B983324A9CC7}.Debug|Any CPU.Build.0 = Debug|Any CPU
		{BFE66A34-718C-444A-B450-B983324A9CC7}.Release|Any CPU.ActiveCfg = Release|Any CPU
		{BFE66A34-718C-444A-B450-B983324A9CC7}.Release|Any CPU.Build.0 = Release|Any CPU
		{1FF5003A-46DA-4C06-8C7E-43FA1BB7DDD1}.Debug|Any CPU.ActiveCfg = Debug|Any CPU
		{1FF5003A-46DA-4C06-8C7E-43FA1BB7DDD1}.Debug|Any CPU.Build.0 = Debug|Any CPU
		{1FF5003A-46DA-4C06-8C7E-43FA1BB7DDD1}.Release|Any CPU.ActiveCfg = Release|Any CPU
		{1FF5003A-46DA-4C06-8C7E-43FA1BB7DDD1}.Release|Any CPU.Build.0 = Release|Any CPU
		{7847AD4B-BE12-4621-9E0E-2584183514B8}.Debug|Any CPU.ActiveCfg = Debug|Any CPU
		{7847AD4B-BE12-4621-9E0E-2584183514B8}.Debug|Any CPU.Build.0 = Debug|Any CPU
		{7847AD4B-BE12-4621-9E0E-2584183514B8}.Release|Any CPU.ActiveCfg = Release|Any CPU
		{7847AD4B-BE12-4621-9E0E-2584183514B8}.Release|Any CPU.Build.0 = Release|Any CPU
		{E4022295-4F43-49BD-8F05-0BA5FE0B5E53}.Debug|Any CPU.ActiveCfg = Debug|Any CPU
		{E4022295-4F43-49BD-8F05-0BA5FE0B5E53}.Debug|Any CPU.Build.0 = Debug|Any CPU
		{E4022295-4F43-49BD-8F05-0BA5FE0B5E53}.Release|Any CPU.ActiveCfg = Release|Any CPU
		{E4022295-4F43-49BD-8F05-0BA5FE0B5E53}.Release|Any CPU.Build.0 = Release|Any CPU
	EndGlobalSection
	GlobalSection(SolutionProperties) = preSolution
		HideSolutionNode = FALSE
	EndGlobalSection
EndGlobal
