
Microsoft Visual Studio Solution File, Format Version 12.00
# Visual Studio 2013
VisualStudioVersion = 12.0.21005.1
MinimumVisualStudioVersion = 10.0.40219.1
Project("{FAE04EC0-301F-11D3-BF4B-00C04F79EFBC}") = "MessageBoard", "MessageBoard\MessageBoard.csproj", "{E9EB41F0-AD41-4758-A721-3DF0447B75D6}"
EndProject
Project("{FAE04EC0-301F-11D3-BF4B-00C04F79EFBC}") = "MessageBoardModels", "MessageBoardModels\MessageBoardModels.csproj", "{24D42DB5-0100-42BF-B822-7D824FB11446}"
EndProject
Project("{FAE04EC0-301F-11D3-BF4B-00C04F79EFBC}") = "MessageBoardDAL", "MessageBoardDAL\MessageBoardDAL.csproj", "{7A51CDAA-9301-4523-8A4E-43A545580B56}"
EndProject
Project("{FAE04EC0-301F-11D3-BF4B-00C04F79EFBC}") = "MessageBoardBLL", "MessageBoardBLL\MessageBoardBLL.csproj", "{31BB4CAB-FEC4-46FD-970C-1D74DE692EE5}"
EndProject
Global
	GlobalSection(SolutionConfigurationPlatforms) = preSolution
		Debug|Any CPU = Debug|Any CPU
		Release|Any CPU = Release|Any CPU
	EndGlobalSection
	GlobalSection(ProjectConfigurationPlatforms) = postSolution
		{E9EB41F0-AD41-4758-A721-3DF0447B75D6}.Debug|Any CPU.ActiveCfg = Debug|Any CPU
		{E9EB41F0-AD41-4758-A721-3DF0447B75D6}.Debug|Any CPU.Build.0 = Debug|Any CPU
		{E9EB41F0-AD41-4758-A721-3DF0447B75D6}.Release|Any CPU.ActiveCfg = Release|Any CPU
		{E9EB41F0-AD41-4758-A721-3DF0447B75D6}.Release|Any CPU.Build.0 = Release|Any CPU
		{24D42DB5-0100-42BF-B822-7D824FB11446}.Debug|Any CPU.ActiveCfg = Debug|Any CPU
		{24D42DB5-0100-42BF-B822-7D824FB11446}.Debug|Any CPU.Build.0 = Debug|Any CPU
		{24D42DB5-0100-42BF-B822-7D824FB11446}.Release|Any CPU.ActiveCfg = Release|Any CPU
		{24D42DB5-0100-42BF-B822-7D824FB11446}.Release|Any CPU.Build.0 = Release|Any CPU
		{7A51CDAA-9301-4523-8A4E-43A545580B56}.Debug|Any CPU.ActiveCfg = Debug|Any CPU
		{7A51CDAA-9301-4523-8A4E-43A545580B56}.Debug|Any CPU.Build.0 = Debug|Any CPU
		{7A51CDAA-9301-4523-8A4E-43A545580B56}.Release|Any CPU.ActiveCfg = Release|Any CPU
		{7A51CDAA-9301-4523-8A4E-43A545580B56}.Release|Any CPU.Build.0 = Release|Any CPU
		{31BB4CAB-FEC4-46FD-970C-1D74DE692EE5}.Debug|Any CPU.ActiveCfg = Debug|Any CPU
		{31BB4CAB-FEC4-46FD-970C-1D74DE692EE5}.Debug|Any CPU.Build.0 = Debug|Any CPU
		{31BB4CAB-FEC4-46FD-970C-1D74DE692EE5}.Release|Any CPU.ActiveCfg = Release|Any CPU
		{31BB4CAB-FEC4-46FD-970C-1D74DE692EE5}.Release|Any CPU.Build.0 = Release|Any CPU
	EndGlobalSection
	GlobalSection(SolutionProperties) = preSolution
		HideSolutionNode = FALSE
	EndGlobalSection
EndGlobal
