
Microsoft Visual Studio Solution File, Format Version 12.00
# Visual Studio 2012
Project("{FAE04EC0-301F-11D3-BF4B-00C04F79EFBC}") = "StudentAcess", "StudentAcess\StudentAcess.csproj", "{A5F190EB-D959-422F-9FE2-198A0C5B2C9C}"
EndProject
Global
	GlobalSection(SolutionConfigurationPlatforms) = preSolution
		Debug|Any CPU = Debug|Any CPU
		Release|Any CPU = Release|Any CPU
	EndGlobalSection
	GlobalSection(ProjectConfigurationPlatforms) = postSolution
		{A5F190EB-D959-422F-9FE2-198A0C5B2C9C}.Debug|Any CPU.ActiveCfg = Debug|Any CPU
		{A5F190EB-D959-422F-9FE2-198A0C5B2C9C}.Debug|Any CPU.Build.0 = Debug|Any CPU
		{A5F190EB-D959-422F-9FE2-198A0C5B2C9C}.Release|Any CPU.ActiveCfg = Release|Any CPU
		{A5F190EB-D959-422F-9FE2-198A0C5B2C9C}.Release|Any CPU.Build.0 = Release|Any CPU
	EndGlobalSection
	GlobalSection(SolutionProperties) = preSolution
		HideSolutionNode = FALSE
	EndGlobalSection
EndGlobal
