
Microsoft Visual Studio Solution File, Format Version 12.00
# Visual Studio 2012
Project("{FAE04EC0-301F-11D3-BF4B-00C04F79EFBC}") = "Friends.Web", "Friends.Web\Friends.Web.csproj", "{28C417AD-B2D6-430B-8546-9F49A0FFBD6A}"
EndProject
Project("{FAE04EC0-301F-11D3-BF4B-00C04F79EFBC}") = "Friends.Models", "Friends.Models\Friends.Models.csproj", "{83D0B815-BD18-49FF-A29E-D2EBE9C5C0E4}"
EndProject
Project("{FAE04EC0-301F-11D3-BF4B-00C04F79EFBC}") = "Friends.Web.Tests", "Friends.Web.Tests\Friends.Web.Tests.csproj", "{8FB83338-DF9C-4B0D-B34D-9FFBAA2A5896}"
EndProject
Global
	GlobalSection(SolutionConfigurationPlatforms) = preSolution
		Debug|Any CPU = Debug|Any CPU
		Release|Any CPU = Release|Any CPU
	EndGlobalSection
	GlobalSection(ProjectConfigurationPlatforms) = postSolution
		{28C417AD-B2D6-430B-8546-9F49A0FFBD6A}.Debug|Any CPU.ActiveCfg = Debug|Any CPU
		{28C417AD-B2D6-430B-8546-9F49A0FFBD6A}.Debug|Any CPU.Build.0 = Debug|Any CPU
		{28C417AD-B2D6-430B-8546-9F49A0FFBD6A}.Release|Any CPU.ActiveCfg = Release|Any CPU
		{28C417AD-B2D6-430B-8546-9F49A0FFBD6A}.Release|Any CPU.Build.0 = Release|Any CPU
		{83D0B815-BD18-49FF-A29E-D2EBE9C5C0E4}.Debug|Any CPU.ActiveCfg = Debug|Any CPU
		{83D0B815-BD18-49FF-A29E-D2EBE9C5C0E4}.Debug|Any CPU.Build.0 = Debug|Any CPU
		{83D0B815-BD18-49FF-A29E-D2EBE9C5C0E4}.Release|Any CPU.ActiveCfg = Release|Any CPU
		{83D0B815-BD18-49FF-A29E-D2EBE9C5C0E4}.Release|Any CPU.Build.0 = Release|Any CPU
		{8FB83338-DF9C-4B0D-B34D-9FFBAA2A5896}.Debug|Any CPU.ActiveCfg = Debug|Any CPU
		{8FB83338-DF9C-4B0D-B34D-9FFBAA2A5896}.Debug|Any CPU.Build.0 = Debug|Any CPU
		{8FB83338-DF9C-4B0D-B34D-9FFBAA2A5896}.Release|Any CPU.ActiveCfg = Release|Any CPU
		{8FB83338-DF9C-4B0D-B34D-9FFBAA2A5896}.Release|Any CPU.Build.0 = Release|Any CPU
	EndGlobalSection
	GlobalSection(SolutionProperties) = preSolution
		HideSolutionNode = FALSE
	EndGlobalSection
EndGlobal
