
Microsoft Visual Studio Solution File, Format Version 12.00
# Visual Studio 2013
VisualStudioVersion = 12.0.21005.1
MinimumVisualStudioVersion = 10.0.40219.1
Project("{FAE04EC0-301F-11D3-BF4B-00C04F79EFBC}") = "TestLib", "TestLib\TestLib.csproj", "{41058A49-A8AA-4D4C-BDEF-93C0927744E4}"
EndProject
Project("{FAE04EC0-301F-11D3-BF4B-00C04F79EFBC}") = "TestLib.Test", "TestLib.Test\TestLib.Test.csproj", "{261251C0-5031-4E15-8269-76295C576C25}"
EndProject
Global
	GlobalSection(SolutionConfigurationPlatforms) = preSolution
		Debug|Any CPU = Debug|Any CPU
		Release|Any CPU = Release|Any CPU
	EndGlobalSection
	GlobalSection(ProjectConfigurationPlatforms) = postSolution
		{41058A49-A8AA-4D4C-BDEF-93C0927744E4}.Debug|Any CPU.ActiveCfg = Debug|Any CPU
		{41058A49-A8AA-4D4C-BDEF-93C0927744E4}.Debug|Any CPU.Build.0 = Debug|Any CPU
		{41058A49-A8AA-4D4C-BDEF-93C0927744E4}.Release|Any CPU.ActiveCfg = Release|Any CPU
		{41058A49-A8AA-4D4C-BDEF-93C0927744E4}.Release|Any CPU.Build.0 = Release|Any CPU
		{261251C0-5031-4E15-8269-76295C576C25}.Debug|Any CPU.ActiveCfg = Debug|Any CPU
		{261251C0-5031-4E15-8269-76295C576C25}.Debug|Any CPU.Build.0 = Debug|Any CPU
		{261251C0-5031-4E15-8269-76295C576C25}.Release|Any CPU.ActiveCfg = Release|Any CPU
		{261251C0-5031-4E15-8269-76295C576C25}.Release|Any CPU.Build.0 = Release|Any CPU
	EndGlobalSection
	GlobalSection(SolutionProperties) = preSolution
		HideSolutionNode = FALSE
	EndGlobalSection
EndGlobal
