
Microsoft Visual Studio Solution File, Format Version 12.00
# Visual Studio 2013
VisualStudioVersion = 12.0.21005.1
MinimumVisualStudioVersion = 10.0.40219.1
Project("{FAE04EC0-301F-11D3-BF4B-00C04F79EFBC}") = "Work3", "Work3\Work3.csproj", "{4B8F43C8-6208-4051-BDF8-64BAAB9F0FDA}"
EndProject
Project("{FAE04EC0-301F-11D3-BF4B-00C04F79EFBC}") = "Work4", "Work4\Work4.csproj", "{CDEE1D3C-4D6F-40AF-8288-A94BA60B2D37}"
EndProject
Project("{FAE04EC0-301F-11D3-BF4B-00C04F79EFBC}") = "Work5", "Work5\Work5.csproj", "{0E6D6171-CCC4-42D9-B860-554CE6C1D7EE}"
EndProject
Global
	GlobalSection(SolutionConfigurationPlatforms) = preSolution
		Debug|Any CPU = Debug|Any CPU
		Release|Any CPU = Release|Any CPU
	EndGlobalSection
	GlobalSection(ProjectConfigurationPlatforms) = postSolution
		{4B8F43C8-6208-4051-BDF8-64BAAB9F0FDA}.Debug|Any CPU.ActiveCfg = Debug|Any CPU
		{4B8F43C8-6208-4051-BDF8-64BAAB9F0FDA}.Debug|Any CPU.Build.0 = Debug|Any CPU
		{4B8F43C8-6208-4051-BDF8-64BAAB9F0FDA}.Release|Any CPU.ActiveCfg = Release|Any CPU
		{4B8F43C8-6208-4051-BDF8-64BAAB9F0FDA}.Release|Any CPU.Build.0 = Release|Any CPU
		{CDEE1D3C-4D6F-40AF-8288-A94BA60B2D37}.Debug|Any CPU.ActiveCfg = Debug|Any CPU
		{CDEE1D3C-4D6F-40AF-8288-A94BA60B2D37}.Debug|Any CPU.Build.0 = Debug|Any CPU
		{CDEE1D3C-4D6F-40AF-8288-A94BA60B2D37}.Release|Any CPU.ActiveCfg = Release|Any CPU
		{CDEE1D3C-4D6F-40AF-8288-A94BA60B2D37}.Release|Any CPU.Build.0 = Release|Any CPU
		{0E6D6171-CCC4-42D9-B860-554CE6C1D7EE}.Debug|Any CPU.ActiveCfg = Debug|Any CPU
		{0E6D6171-CCC4-42D9-B860-554CE6C1D7EE}.Debug|Any CPU.Build.0 = Debug|Any CPU
		{0E6D6171-CCC4-42D9-B860-554CE6C1D7EE}.Release|Any CPU.ActiveCfg = Release|Any CPU
		{0E6D6171-CCC4-42D9-B860-554CE6C1D7EE}.Release|Any CPU.Build.0 = Release|Any CPU
	EndGlobalSection
	GlobalSection(SolutionProperties) = preSolution
		HideSolutionNode = FALSE
	EndGlobalSection
EndGlobal
