
Microsoft Visual Studio Solution File, Format Version 12.00
# Visual Studio 2012
Project("{FAE04EC0-301F-11D3-BF4B-00C04F79EFBC}") = "Question01", "Question1\Question01.csproj", "{4483369D-74FF-4408-B011-978CBE191FFF}"
EndProject
Project("{FAE04EC0-301F-11D3-BF4B-00C04F79EFBC}") = "Question02", "Question2\Question02.csproj", "{FDEAE85B-A589-49DB-8E14-EA3FBD9FEDC5}"
EndProject
Project("{FAE04EC0-301F-11D3-BF4B-00C04F79EFBC}") = "Question03", "Question3\Question03.csproj", "{782C8EC7-F88C-403F-A238-9C0FEF024D49}"
EndProject
Project("{FAE04EC0-301F-11D3-BF4B-00C04F79EFBC}") = "Question04", "Question4\Question04.csproj", "{180CF714-2EB9-4592-AF87-8555D81F4738}"
EndProject
Project("{FAE04EC0-301F-11D3-BF4B-00C04F79EFBC}") = "Question05", "Question5\Question05.csproj", "{0CA77397-1D08-4120-B292-3F3CCA6A48ED}"
EndProject
Project("{FAE04EC0-301F-11D3-BF4B-00C04F79EFBC}") = "Question06", "Question6\Question06.csproj", "{80E68703-47B8-49E9-8B2D-9AFE67F06EC7}"
EndProject
Project("{FAE04EC0-301F-11D3-BF4B-00C04F79EFBC}") = "Question07", "Question7\Question07.csproj", "{A931EDB0-4738-4472-933A-8257A71E3D41}"
EndProject
Project("{FAE04EC0-301F-11D3-BF4B-00C04F79EFBC}") = "Question08", "Question8\Question08.csproj", "{F2C8C6AC-3176-4062-9A76-834E41967DEE}"
EndProject
Project("{FAE04EC0-301F-11D3-BF4B-00C04F79EFBC}") = "Question09", "Question9\Question09.csproj", "{0DD2BC67-6CA1-44F7-9BF5-7B8AF197AE42}"
EndProject
Project("{FAE04EC0-301F-11D3-BF4B-00C04F79EFBC}") = "Question10", "Question10\Question10.csproj", "{610D08E7-0A65-4532-BCA4-FF48F1404C0E}"
EndProject
Project("{FAE04EC0-301F-11D3-BF4B-00C04F79EFBC}") = "Question11", "Question11\Question11.csproj", "{27DD0F3D-A0FA-4428-B504-B0C7AFE57CD9}"
EndProject
Project("{FAE04EC0-301F-11D3-BF4B-00C04F79EFBC}") = "Question12", "Question12\Question12.csproj", "{07290F2A-D659-4B25-8174-DD1F68B99E5E}"
EndProject
Project("{FAE04EC0-301F-11D3-BF4B-00C04F79EFBC}") = "Question13", "Question13\Question13.csproj", "{80920ABE-B67C-483D-9627-8581E8501137}"
EndProject
Project("{FAE04EC0-301F-11D3-BF4B-00C04F79EFBC}") = "Question14", "Question14\Question14.csproj", "{3C6DA380-2196-4777-915E-4FEC783409CC}"
EndProject
Project("{FAE04EC0-301F-11D3-BF4B-00C04F79EFBC}") = "Question15", "Question15\Question15.csproj", "{8B425726-1C17-4B12-BB89-8A6BC504755A}"
EndProject
Project("{FAE04EC0-301F-11D3-BF4B-00C04F79EFBC}") = "Question16", "Question16\Question16.csproj", "{4EB87D26-BD39-42A0-9319-93B445F8BB12}"
EndProject
Project("{FAE04EC0-301F-11D3-BF4B-00C04F79EFBC}") = "Question17", "Question17\Question17.csproj", "{F89CBA78-45D5-451F-8902-8B0383B8C5B9}"
EndProject
Project("{FAE04EC0-301F-11D3-BF4B-00C04F79EFBC}") = "Question18", "Question18\Question18.csproj", "{F32CB9AC-9EA2-453D-B4BB-39A384B349AC}"
EndProject
Project("{FAE04EC0-301F-11D3-BF4B-00C04F79EFBC}") = "Question19", "Question19\Question19.csproj", "{98D35DD2-F0CB-49D4-88FB-E160670606D6}"
EndProject
Global
	GlobalSection(SolutionConfigurationPlatforms) = preSolution
		Debug|Any CPU = Debug|Any CPU
		Release|Any CPU = Release|Any CPU
	EndGlobalSection
	GlobalSection(ProjectConfigurationPlatforms) = postSolution
		{4483369D-74FF-4408-B011-978CBE191FFF}.Debug|Any CPU.ActiveCfg = Debug|Any CPU
		{4483369D-74FF-4408-B011-978CBE191FFF}.Debug|Any CPU.Build.0 = Debug|Any CPU
		{4483369D-74FF-4408-B011-978CBE191FFF}.Release|Any CPU.ActiveCfg = Release|Any CPU
		{4483369D-74FF-4408-B011-978CBE191FFF}.Release|Any CPU.Build.0 = Release|Any CPU
		{FDEAE85B-A589-49DB-8E14-EA3FBD9FEDC5}.Debug|Any CPU.ActiveCfg = Debug|Any CPU
		{FDEAE85B-A589-49DB-8E14-EA3FBD9FEDC5}.Debug|Any CPU.Build.0 = Debug|Any CPU
		{FDEAE85B-A589-49DB-8E14-EA3FBD9FEDC5}.Release|Any CPU.ActiveCfg = Release|Any CPU
		{FDEAE85B-A589-49DB-8E14-EA3FBD9FEDC5}.Release|Any CPU.Build.0 = Release|Any CPU
		{782C8EC7-F88C-403F-A238-9C0FEF024D49}.Debug|Any CPU.ActiveCfg = Debug|Any CPU
		{782C8EC7-F88C-403F-A238-9C0FEF024D49}.Debug|Any CPU.Build.0 = Debug|Any CPU
		{782C8EC7-F88C-403F-A238-9C0FEF024D49}.Release|Any CPU.ActiveCfg = Release|Any CPU
		{782C8EC7-F88C-403F-A238-9C0FEF024D49}.Release|Any CPU.Build.0 = Release|Any CPU
		{180CF714-2EB9-4592-AF87-8555D81F4738}.Debug|Any CPU.ActiveCfg = Debug|Any CPU
		{180CF714-2EB9-4592-AF87-8555D81F4738}.Debug|Any CPU.Build.0 = Debug|Any CPU
		{180CF714-2EB9-4592-AF87-8555D81F4738}.Release|Any CPU.ActiveCfg = Release|Any CPU
		{180CF714-2EB9-4592-AF87-8555D81F4738}.Release|Any CPU.Build.0 = Release|Any CPU
		{0CA77397-1D08-4120-B292-3F3CCA6A48ED}.Debug|Any CPU.ActiveCfg = Debug|Any CPU
		{0CA77397-1D08-4120-B292-3F3CCA6A48ED}.Debug|Any CPU.Build.0 = Debug|Any CPU
		{0CA77397-1D08-4120-B292-3F3CCA6A48ED}.Release|Any CPU.ActiveCfg = Release|Any CPU
		{0CA77397-1D08-4120-B292-3F3CCA6A48ED}.Release|Any CPU.Build.0 = Release|Any CPU
		{80E68703-47B8-49E9-8B2D-9AFE67F06EC7}.Debug|Any CPU.ActiveCfg = Debug|Any CPU
		{80E68703-47B8-49E9-8B2D-9AFE67F06EC7}.Debug|Any CPU.Build.0 = Debug|Any CPU
		{80E68703-47B8-49E9-8B2D-9AFE67F06EC7}.Release|Any CPU.ActiveCfg = Release|Any CPU
		{80E68703-47B8-49E9-8B2D-9AFE67F06EC7}.Release|Any CPU.Build.0 = Release|Any CPU
		{A931EDB0-4738-4472-933A-8257A71E3D41}.Debug|Any CPU.ActiveCfg = Debug|Any CPU
		{A931EDB0-4738-4472-933A-8257A71E3D41}.Debug|Any CPU.Build.0 = Debug|Any CPU
		{A931EDB0-4738-4472-933A-8257A71E3D41}.Release|Any CPU.ActiveCfg = Release|Any CPU
		{A931EDB0-4738-4472-933A-8257A71E3D41}.Release|Any CPU.Build.0 = Release|Any CPU
		{F2C8C6AC-3176-4062-9A76-834E41967DEE}.Debug|Any CPU.ActiveCfg = Debug|Any CPU
		{F2C8C6AC-3176-4062-9A76-834E41967DEE}.Debug|Any CPU.Build.0 = Debug|Any CPU
		{F2C8C6AC-3176-4062-9A76-834E41967DEE}.Release|Any CPU.ActiveCfg = Release|Any CPU
		{F2C8C6AC-3176-4062-9A76-834E41967DEE}.Release|Any CPU.Build.0 = Release|Any CPU
		{0DD2BC67-6CA1-44F7-9BF5-7B8AF197AE42}.Debug|Any CPU.ActiveCfg = Debug|Any CPU
		{0DD2BC67-6CA1-44F7-9BF5-7B8AF197AE42}.Debug|Any CPU.Build.0 = Debug|Any CPU
		{0DD2BC67-6CA1-44F7-9BF5-7B8AF197AE42}.Release|Any CPU.ActiveCfg = Release|Any CPU
		{0DD2BC67-6CA1-44F7-9BF5-7B8AF197AE42}.Release|Any CPU.Build.0 = Release|Any CPU
		{610D08E7-0A65-4532-BCA4-FF48F1404C0E}.Debug|Any CPU.ActiveCfg = Debug|Any CPU
		{610D08E7-0A65-4532-BCA4-FF48F1404C0E}.Debug|Any CPU.Build.0 = Debug|Any CPU
		{610D08E7-0A65-4532-BCA4-FF48F1404C0E}.Release|Any CPU.ActiveCfg = Release|Any CPU
		{610D08E7-0A65-4532-BCA4-FF48F1404C0E}.Release|Any CPU.Build.0 = Release|Any CPU
		{27DD0F3D-A0FA-4428-B504-B0C7AFE57CD9}.Debug|Any CPU.ActiveCfg = Debug|Any CPU
		{27DD0F3D-A0FA-4428-B504-B0C7AFE57CD9}.Debug|Any CPU.Build.0 = Debug|Any CPU
		{27DD0F3D-A0FA-4428-B504-B0C7AFE57CD9}.Release|Any CPU.ActiveCfg = Release|Any CPU
		{27DD0F3D-A0FA-4428-B504-B0C7AFE57CD9}.Release|Any CPU.Build.0 = Release|Any CPU
		{07290F2A-D659-4B25-8174-DD1F68B99E5E}.Debug|Any CPU.ActiveCfg = Debug|Any CPU
		{07290F2A-D659-4B25-8174-DD1F68B99E5E}.Debug|Any CPU.Build.0 = Debug|Any CPU
		{07290F2A-D659-4B25-8174-DD1F68B99E5E}.Release|Any CPU.ActiveCfg = Release|Any CPU
		{07290F2A-D659-4B25-8174-DD1F68B99E5E}.Release|Any CPU.Build.0 = Release|Any CPU
		{80920ABE-B67C-483D-9627-8581E8501137}.Debug|Any CPU.ActiveCfg = Debug|Any CPU
		{80920ABE-B67C-483D-9627-8581E8501137}.Debug|Any CPU.Build.0 = Debug|Any CPU
		{80920ABE-B67C-483D-9627-8581E8501137}.Release|Any CPU.ActiveCfg = Release|Any CPU
		{80920ABE-B67C-483D-9627-8581E8501137}.Release|Any CPU.Build.0 = Release|Any CPU
		{3C6DA380-2196-4777-915E-4FEC783409CC}.Debug|Any CPU.ActiveCfg = Debug|Any CPU
		{3C6DA380-2196-4777-915E-4FEC783409CC}.Debug|Any CPU.Build.0 = Debug|Any CPU
		{3C6DA380-2196-4777-915E-4FEC783409CC}.Release|Any CPU.ActiveCfg = Release|Any CPU
		{3C6DA380-2196-4777-915E-4FEC783409CC}.Release|Any CPU.Build.0 = Release|Any CPU
		{8B425726-1C17-4B12-BB89-8A6BC504755A}.Debug|Any CPU.ActiveCfg = Debug|Any CPU
		{8B425726-1C17-4B12-BB89-8A6BC504755A}.Debug|Any CPU.Build.0 = Debug|Any CPU
		{8B425726-1C17-4B12-BB89-8A6BC504755A}.Release|Any CPU.ActiveCfg = Release|Any CPU
		{8B425726-1C17-4B12-BB89-8A6BC504755A}.Release|Any CPU.Build.0 = Release|Any CPU
		{4EB87D26-BD39-42A0-9319-93B445F8BB12}.Debug|Any CPU.ActiveCfg = Debug|Any CPU
		{4EB87D26-BD39-42A0-9319-93B445F8BB12}.Debug|Any CPU.Build.0 = Debug|Any CPU
		{4EB87D26-BD39-42A0-9319-93B445F8BB12}.Release|Any CPU.ActiveCfg = Release|Any CPU
		{4EB87D26-BD39-42A0-9319-93B445F8BB12}.Release|Any CPU.Build.0 = Release|Any CPU
		{F89CBA78-45D5-451F-8902-8B0383B8C5B9}.Debug|Any CPU.ActiveCfg = Debug|Any CPU
		{F89CBA78-45D5-451F-8902-8B0383B8C5B9}.Debug|Any CPU.Build.0 = Debug|Any CPU
		{F89CBA78-45D5-451F-8902-8B0383B8C5B9}.Release|Any CPU.ActiveCfg = Release|Any CPU
		{F89CBA78-45D5-451F-8902-8B0383B8C5B9}.Release|Any CPU.Build.0 = Release|Any CPU
		{F32CB9AC-9EA2-453D-B4BB-39A384B349AC}.Debug|Any CPU.ActiveCfg = Debug|Any CPU
		{F32CB9AC-9EA2-453D-B4BB-39A384B349AC}.Debug|Any CPU.Build.0 = Debug|Any CPU
		{F32CB9AC-9EA2-453D-B4BB-39A384B349AC}.Release|Any CPU.ActiveCfg = Release|Any CPU
		{F32CB9AC-9EA2-453D-B4BB-39A384B349AC}.Release|Any CPU.Build.0 = Release|Any CPU
		{98D35DD2-F0CB-49D4-88FB-E160670606D6}.Debug|Any CPU.ActiveCfg = Debug|Any CPU
		{98D35DD2-F0CB-49D4-88FB-E160670606D6}.Debug|Any CPU.Build.0 = Debug|Any CPU
		{98D35DD2-F0CB-49D4-88FB-E160670606D6}.Release|Any CPU.ActiveCfg = Release|Any CPU
		{98D35DD2-F0CB-49D4-88FB-E160670606D6}.Release|Any CPU.Build.0 = Release|Any CPU
	EndGlobalSection
	GlobalSection(SolutionProperties) = preSolution
		HideSolutionNode = FALSE
	EndGlobalSection
EndGlobal
