
Microsoft Visual Studio Solution File, Format Version 12.00
# Visual Studio 2013
VisualStudioVersion = 12.0.21005.1
MinimumVisualStudioVersion = 10.0.40219.1
Project("{FAE04EC0-301F-11D3-BF4B-00C04F79EFBC}") = "BookShop", "BookShop\BookShop.csproj", "{B0418B7A-1565-44B7-B3A4-0272EF935B26}"
EndProject
Project("{FAE04EC0-301F-11D3-BF4B-00C04F79EFBC}") = "BookShopModels", "BookShopModels\BookShopModels.csproj", "{3138E8F0-FC71-4824-9174-64C4B09A489A}"
EndProject
Project("{FAE04EC0-301F-11D3-BF4B-00C04F79EFBC}") = "BookShopDAL", "BookShopDAL\BookShopDAL.csproj", "{047FAA6F-5DAF-4293-A0BD-7ACD7E0EB4C2}"
EndProject
Project("{FAE04EC0-301F-11D3-BF4B-00C04F79EFBC}") = "BookShopBLL", "BookShopBLL\BookShopBLL.csproj", "{CCF350E7-F4E8-48E2-891A-CF6D4FC1B367}"
EndProject
Global
	GlobalSection(SolutionConfigurationPlatforms) = preSolution
		Debug|Any CPU = Debug|Any CPU
		Release|Any CPU = Release|Any CPU
	EndGlobalSection
	GlobalSection(ProjectConfigurationPlatforms) = postSolution
		{B0418B7A-1565-44B7-B3A4-0272EF935B26}.Debug|Any CPU.ActiveCfg = Debug|Any CPU
		{B0418B7A-1565-44B7-B3A4-0272EF935B26}.Debug|Any CPU.Build.0 = Debug|Any CPU
		{B0418B7A-1565-44B7-B3A4-0272EF935B26}.Release|Any CPU.ActiveCfg = Release|Any CPU
		{B0418B7A-1565-44B7-B3A4-0272EF935B26}.Release|Any CPU.Build.0 = Release|Any CPU
		{3138E8F0-FC71-4824-9174-64C4B09A489A}.Debug|Any CPU.ActiveCfg = Debug|Any CPU
		{3138E8F0-FC71-4824-9174-64C4B09A489A}.Debug|Any CPU.Build.0 = Debug|Any CPU
		{3138E8F0-FC71-4824-9174-64C4B09A489A}.Release|Any CPU.ActiveCfg = Release|Any CPU
		{3138E8F0-FC71-4824-9174-64C4B09A489A}.Release|Any CPU.Build.0 = Release|Any CPU
		{047FAA6F-5DAF-4293-A0BD-7ACD7E0EB4C2}.Debug|Any CPU.ActiveCfg = Debug|Any CPU
		{047FAA6F-5DAF-4293-A0BD-7ACD7E0EB4C2}.Debug|Any CPU.Build.0 = Debug|Any CPU
		{047FAA6F-5DAF-4293-A0BD-7ACD7E0EB4C2}.Release|Any CPU.ActiveCfg = Release|Any CPU
		{047FAA6F-5DAF-4293-A0BD-7ACD7E0EB4C2}.Release|Any CPU.Build.0 = Release|Any CPU
		{CCF350E7-F4E8-48E2-891A-CF6D4FC1B367}.Debug|Any CPU.ActiveCfg = Debug|Any CPU
		{CCF350E7-F4E8-48E2-891A-CF6D4FC1B367}.Debug|Any CPU.Build.0 = Debug|Any CPU
		{CCF350E7-F4E8-48E2-891A-CF6D4FC1B367}.Release|Any CPU.ActiveCfg = Release|Any CPU
		{CCF350E7-F4E8-48E2-891A-CF6D4FC1B367}.Release|Any CPU.Build.0 = Release|Any CPU
	EndGlobalSection
	GlobalSection(SolutionProperties) = preSolution
		HideSolutionNode = FALSE
	EndGlobalSection
EndGlobal
