
Microsoft Visual Studio Solution File, Format Version 12.00
# Visual Studio 2013
VisualStudioVersion = 12.0.21005.1
MinimumVisualStudioVersion = 10.0.40219.1
Project("{FAE04EC0-301F-11D3-BF4B-00C04F79EFBC}") = "Work2", "Work2\Work2.csproj", "{32281434-1B86-409A-BA89-3B2CEE0D2DE3}"
EndProject
Project("{FAE04EC0-301F-11D3-BF4B-00C04F79EFBC}") = "Work3", "Work3\Work3.csproj", "{24990AD4-23EE-44AD-9BAA-D21A7EA33E72}"
EndProject
Project("{FAE04EC0-301F-11D3-BF4B-00C04F79EFBC}") = "Work4", "Work4\Work4.csproj", "{5E02721B-4BB0-4DAB-8646-9B32E451A447}"
EndProject
Project("{FAE04EC0-301F-11D3-BF4B-00C04F79EFBC}") = "Work5", "Work5\Work5.csproj", "{44649E72-00BF-4544-A8C8-EB47466CB33E}"
EndProject
Project("{FAE04EC0-301F-11D3-BF4B-00C04F79EFBC}") = "Work6", "Work6\Work6.csproj", "{A07AC381-C5B2-4D78-B463-0C2A908EF340}"
EndProject
Project("{FAE04EC0-301F-11D3-BF4B-00C04F79EFBC}") = "Work7", "Work7\Work7.csproj", "{14231049-6893-42E7-86CC-5ECAD2C4BFB2}"
EndProject
Global
	GlobalSection(SolutionConfigurationPlatforms) = preSolution
		Debug|Any CPU = Debug|Any CPU
		Release|Any CPU = Release|Any CPU
	EndGlobalSection
	GlobalSection(ProjectConfigurationPlatforms) = postSolution
		{32281434-1B86-409A-BA89-3B2CEE0D2DE3}.Debug|Any CPU.ActiveCfg = Debug|Any CPU
		{32281434-1B86-409A-BA89-3B2CEE0D2DE3}.Debug|Any CPU.Build.0 = Debug|Any CPU
		{32281434-1B86-409A-BA89-3B2CEE0D2DE3}.Release|Any CPU.ActiveCfg = Release|Any CPU
		{32281434-1B86-409A-BA89-3B2CEE0D2DE3}.Release|Any CPU.Build.0 = Release|Any CPU
		{24990AD4-23EE-44AD-9BAA-D21A7EA33E72}.Debug|Any CPU.ActiveCfg = Debug|Any CPU
		{24990AD4-23EE-44AD-9BAA-D21A7EA33E72}.Debug|Any CPU.Build.0 = Debug|Any CPU
		{24990AD4-23EE-44AD-9BAA-D21A7EA33E72}.Release|Any CPU.ActiveCfg = Release|Any CPU
		{24990AD4-23EE-44AD-9BAA-D21A7EA33E72}.Release|Any CPU.Build.0 = Release|Any CPU
		{5E02721B-4BB0-4DAB-8646-9B32E451A447}.Debug|Any CPU.ActiveCfg = Debug|Any CPU
		{5E02721B-4BB0-4DAB-8646-9B32E451A447}.Debug|Any CPU.Build.0 = Debug|Any CPU
		{5E02721B-4BB0-4DAB-8646-9B32E451A447}.Release|Any CPU.ActiveCfg = Release|Any CPU
		{5E02721B-4BB0-4DAB-8646-9B32E451A447}.Release|Any CPU.Build.0 = Release|Any CPU
		{44649E72-00BF-4544-A8C8-EB47466CB33E}.Debug|Any CPU.ActiveCfg = Debug|Any CPU
		{44649E72-00BF-4544-A8C8-EB47466CB33E}.Debug|Any CPU.Build.0 = Debug|Any CPU
		{44649E72-00BF-4544-A8C8-EB47466CB33E}.Release|Any CPU.ActiveCfg = Release|Any CPU
		{44649E72-00BF-4544-A8C8-EB47466CB33E}.Release|Any CPU.Build.0 = Release|Any CPU
		{A07AC381-C5B2-4D78-B463-0C2A908EF340}.Debug|Any CPU.ActiveCfg = Debug|Any CPU
		{A07AC381-C5B2-4D78-B463-0C2A908EF340}.Debug|Any CPU.Build.0 = Debug|Any CPU
		{A07AC381-C5B2-4D78-B463-0C2A908EF340}.Release|Any CPU.ActiveCfg = Release|Any CPU
		{A07AC381-C5B2-4D78-B463-0C2A908EF340}.Release|Any CPU.Build.0 = Release|Any CPU
		{14231049-6893-42E7-86CC-5ECAD2C4BFB2}.Debug|Any CPU.ActiveCfg = Debug|Any CPU
		{14231049-6893-42E7-86CC-5ECAD2C4BFB2}.Debug|Any CPU.Build.0 = Debug|Any CPU
		{14231049-6893-42E7-86CC-5ECAD2C4BFB2}.Release|Any CPU.ActiveCfg = Release|Any CPU
		{14231049-6893-42E7-86CC-5ECAD2C4BFB2}.Release|Any CPU.Build.0 = Release|Any CPU
	EndGlobalSection
	GlobalSection(SolutionProperties) = preSolution
		HideSolutionNode = FALSE
	EndGlobalSection
EndGlobal
