
Microsoft Visual Studio Solution File, Format Version 12.00
# Visual Studio 2013
VisualStudioVersion = 12.0.21005.1
MinimumVisualStudioVersion = 10.0.40219.1
Project("{FAE04EC0-301F-11D3-BF4B-00C04F79EFBC}") = "SearchAmountOfService", "SearchAmountOfService\SearchAmountOfService.csproj", "{0D97D581-4067-4B56-94D9-14729AEA5FFC}"
EndProject
Project("{FAE04EC0-301F-11D3-BF4B-00C04F79EFBC}") = "CallService", "CallService\CallService.csproj", "{111E3251-6BB2-45A2-97A7-C124DD138814}"
EndProject
Global
	GlobalSection(SolutionConfigurationPlatforms) = preSolution
		Debug|Any CPU = Debug|Any CPU
		Release|Any CPU = Release|Any CPU
	EndGlobalSection
	GlobalSection(ProjectConfigurationPlatforms) = postSolution
		{0D97D581-4067-4B56-94D9-14729AEA5FFC}.Debug|Any CPU.ActiveCfg = Debug|Any CPU
		{0D97D581-4067-4B56-94D9-14729AEA5FFC}.Debug|Any CPU.Build.0 = Debug|Any CPU
		{0D97D581-4067-4B56-94D9-14729AEA5FFC}.Release|Any CPU.ActiveCfg = Release|Any CPU
		{0D97D581-4067-4B56-94D9-14729AEA5FFC}.Release|Any CPU.Build.0 = Release|Any CPU
		{111E3251-6BB2-45A2-97A7-C124DD138814}.Debug|Any CPU.ActiveCfg = Debug|Any CPU
		{111E3251-6BB2-45A2-97A7-C124DD138814}.Debug|Any CPU.Build.0 = Debug|Any CPU
		{111E3251-6BB2-45A2-97A7-C124DD138814}.Release|Any CPU.ActiveCfg = Release|Any CPU
		{111E3251-6BB2-45A2-97A7-C124DD138814}.Release|Any CPU.Build.0 = Release|Any CPU
	EndGlobalSection
	GlobalSection(SolutionProperties) = preSolution
		HideSolutionNode = FALSE
	EndGlobalSection
EndGlobal
