
Microsoft Visual Studio Solution File, Format Version 12.00
# Visual Studio 2012
Project("{FAE04EC0-301F-11D3-BF4B-00C04F79EFBC}") = "SettleAccounts", "SettleAccounts\SettleAccounts.csproj", "{1398D260-C05A-419E-9C2F-1BD36928729A}"
EndProject
Global
	GlobalSection(SolutionConfigurationPlatforms) = preSolution
		Debug|Any CPU = Debug|Any CPU
		Release|Any CPU = Release|Any CPU
	EndGlobalSection
	GlobalSection(ProjectConfigurationPlatforms) = postSolution
		{1398D260-C05A-419E-9C2F-1BD36928729A}.Debug|Any CPU.ActiveCfg = Debug|Any CPU
		{1398D260-C05A-419E-9C2F-1BD36928729A}.Debug|Any CPU.Build.0 = Debug|Any CPU
		{1398D260-C05A-419E-9C2F-1BD36928729A}.Release|Any CPU.ActiveCfg = Release|Any CPU
		{1398D260-C05A-419E-9C2F-1BD36928729A}.Release|Any CPU.Build.0 = Release|Any CPU
	EndGlobalSection
	GlobalSection(SolutionProperties) = preSolution
		HideSolutionNode = FALSE
	EndGlobalSection
EndGlobal
