
Microsoft Visual Studio Solution File, Format Version 12.00
# Visual Studio 2012
Project("{FAE04EC0-301F-11D3-BF4B-00C04F79EFBC}") = "Test", "Test\Test.csproj", "{A6583F95-07D9-435C-91DB-B9DC0FDBB632}"
EndProject
Global
	GlobalSection(SolutionConfigurationPlatforms) = preSolution
		Debug|Any CPU = Debug|Any CPU
		Release|Any CPU = Release|Any CPU
	EndGlobalSection
	GlobalSection(ProjectConfigurationPlatforms) = postSolution
		{A6583F95-07D9-435C-91DB-B9DC0FDBB632}.Debug|Any CPU.ActiveCfg = Debug|Any CPU
		{A6583F95-07D9-435C-91DB-B9DC0FDBB632}.Debug|Any CPU.Build.0 = Debug|Any CPU
		{A6583F95-07D9-435C-91DB-B9DC0FDBB632}.Release|Any CPU.ActiveCfg = Release|Any CPU
		{A6583F95-07D9-435C-91DB-B9DC0FDBB632}.Release|Any CPU.Build.0 = Release|Any CPU
	EndGlobalSection
	GlobalSection(SolutionProperties) = preSolution
		HideSolutionNode = FALSE
	EndGlobalSection
EndGlobal
