
Microsoft Visual Studio Solution File, Format Version 12.00
# Visual Studio 2012
Project("{FAE04EC0-301F-11D3-BF4B-00C04F79EFBC}") = "HRWeb", "HRWeb\HRWeb.csproj", "{95A42C3C-7075-4F08-A65A-6E97E68CBC0D}"
EndProject
Global
	GlobalSection(SolutionConfigurationPlatforms) = preSolution
		Debug|Any CPU = Debug|Any CPU
		Release|Any CPU = Release|Any CPU
	EndGlobalSection
	GlobalSection(ProjectConfigurationPlatforms) = postSolution
		{95A42C3C-7075-4F08-A65A-6E97E68CBC0D}.Debug|Any CPU.ActiveCfg = Debug|Any CPU
		{95A42C3C-7075-4F08-A65A-6E97E68CBC0D}.Debug|Any CPU.Build.0 = Debug|Any CPU
		{95A42C3C-7075-4F08-A65A-6E97E68CBC0D}.Release|Any CPU.ActiveCfg = Release|Any CPU
		{95A42C3C-7075-4F08-A65A-6E97E68CBC0D}.Release|Any CPU.Build.0 = Release|Any CPU
	EndGlobalSection
	GlobalSection(SolutionProperties) = preSolution
		HideSolutionNode = FALSE
	EndGlobalSection
EndGlobal
